dependencies:
  idf:
    source:
      type: idf
    version: 5.5.2
  jgromes/radiolib:
    component_hash: 
      3baedfa4c97b2f9d97c8066f587ff425585f670bb22e8f039202a23924e94de7
    dependencies:
    - name: idf
      require: private
      version: '>=4.1'
    source:
      registry_url: https://components.espressif.com/
      type: service
    version: 7.6.0
direct_dependencies:
- idf
- jgromes/radiolib
manifest_hash: b90559917a21bfd8426a80c8a1cbe1a87898a869ca65c980ee1ced5506616b65
target: esp32s3
version: 2.0.0
